// !$*UTF8*$!
{
	archiveVersion = 1;
	classes = {};
	objectVersion = 77;
	objects = {

/* Begin PBXBuildFile section */
		A10000000000000000000001 /* ipad-app.swift in Sources */ = {isa = PBXBuildFile; fileRef = A20000000000000000000001 /* ipad-app.swift */; };
		A10000000000000000000002 /* app-shell-view.swift in Sources */ = {isa = PBXBuildFile; fileRef = A20000000000000000000002 /* app-shell-view.swift */; };
		A10000000000000000000003 /* web-view-container.swift in Sources */ = {isa = PBXBuildFile; fileRef = A20000000000000000000003 /* web-view-container.swift */; };
		A10000000000000000000004 /* app-shell-tests.swift in Sources */ = {isa = PBXBuildFile; fileRef = A20000000000000000000004 /* app-shell-tests.swift */; };
		A10000000000000000000005 /* bridge-contract-tests.swift in Sources */ = {isa = PBXBuildFile; fileRef = A20000000000000000000007 /* bridge-contract-tests.swift */; };
		A10000000000000000000006 /* ipad-bridge.json in Resources */ = {isa = PBXBuildFile; fileRef = A20000000000000000000008 /* ipad-bridge.json */; };
		A10000000000000000000007 /* bridge-envelope.swift in Sources */ = {isa = PBXBuildFile; fileRef = A20000000000000000000009 /* bridge-envelope.swift */; };
		A10000000000000000000008 /* bridge-error.swift in Sources */ = {isa = PBXBuildFile; fileRef = A2000000000000000000000A /* bridge-error.swift */; };
		A10000000000000000000009 /* bridge-contract-validator.swift in Sources */ = {isa = PBXBuildFile; fileRef = A2000000000000000000000B /* bridge-contract-validator.swift */; };
/* End PBXBuildFile section */

/* Begin PBXContainerItemProxy section */
		A30000000000000000000001 = {
			isa = PBXContainerItemProxy;
			containerPortal = A40000000000000000000001 /* Project object */;
			proxyType = 1;
			remoteGlobalIDString = A50000000000000000000001;
			remoteInfo = Zupulse;
		};
/* End PBXContainerItemProxy section */

/* Begin PBXFileReference section */
		A20000000000000000000001 /* ipad-app.swift */ = {isa = PBXFileReference; lastKnownFileType = sourcecode.swift; path = "ipad-app.swift"; sourceTree = "<group>"; };
		A20000000000000000000002 /* app-shell-view.swift */ = {isa = PBXFileReference; lastKnownFileType = sourcecode.swift; path = "app-shell-view.swift"; sourceTree = "<group>"; };
		A20000000000000000000003 /* web-view-container.swift */ = {isa = PBXFileReference; lastKnownFileType = sourcecode.swift; path = "web-view-container.swift"; sourceTree = "<group>"; };
		A20000000000000000000004 /* app-shell-tests.swift */ = {isa = PBXFileReference; lastKnownFileType = sourcecode.swift; path = "app-shell-tests.swift"; sourceTree = "<group>"; };
		A20000000000000000000005 /* Zupulse.app */ = {isa = PBXFileReference; explicitFileType = wrapper.application; includeInIndex = 0; path = Zupulse.app; sourceTree = BUILT_PRODUCTS_DIR; };
		A20000000000000000000006 /* ZupulseTests.xctest */ = {isa = PBXFileReference; explicitFileType = wrapper.cfbundle; includeInIndex = 0; path = ZupulseTests.xctest; sourceTree = BUILT_PRODUCTS_DIR; };
		A20000000000000000000007 /* bridge-contract-tests.swift */ = {isa = PBXFileReference; lastKnownFileType = sourcecode.swift; path = "bridge-contract-tests.swift"; sourceTree = "<group>"; };
		A20000000000000000000008 /* ipad-bridge.json */ = {isa = PBXFileReference; lastKnownFileType = text.json; name = "ipad-bridge.json"; path = "../../packages/web-core/src/bridge/__tests__/fixtures/ipad-bridge.json"; sourceTree = SOURCE_ROOT; };
		A20000000000000000000009 /* bridge-envelope.swift */ = {isa = PBXFileReference; lastKnownFileType = sourcecode.swift; path = "bridge-envelope.swift"; sourceTree = "<group>"; };
		A2000000000000000000000A /* bridge-error.swift */ = {isa = PBXFileReference; lastKnownFileType = sourcecode.swift; path = "bridge-error.swift"; sourceTree = "<group>"; };
		A2000000000000000000000B /* bridge-contract-validator.swift */ = {isa = PBXFileReference; lastKnownFileType = sourcecode.swift; path = "bridge-contract-validator.swift"; sourceTree = "<group>"; };
/* End PBXFileReference section */

/* Begin PBXFrameworksBuildPhase section */
		A60000000000000000000001 = {isa = PBXFrameworksBuildPhase; buildActionMask = 2147483647; files = (); runOnlyForDeploymentPostprocessing = 0; };
		A60000000000000000000002 = {isa = PBXFrameworksBuildPhase; buildActionMask = 2147483647; files = (); runOnlyForDeploymentPostprocessing = 0; };
/* End PBXFrameworksBuildPhase section */

/* Begin PBXGroup section */
		A70000000000000000000001 = {
			isa = PBXGroup;
			children = (
				A70000000000000000000002 /* app */,
				A70000000000000000000006 /* bridge */,
				A70000000000000000000003 /* webview */,
				A70000000000000000000004 /* tests */,
				A70000000000000000000005 /* Products */,
			);
			sourceTree = "<group>";
		};
		A70000000000000000000002 /* app */ = {isa = PBXGroup; children = (A20000000000000000000001, A20000000000000000000002); path = app; sourceTree = "<group>"; };
		A70000000000000000000003 /* webview */ = {isa = PBXGroup; children = (A20000000000000000000003); path = webview; sourceTree = "<group>"; };
		A70000000000000000000004 /* tests */ = {isa = PBXGroup; children = (A20000000000000000000004, A20000000000000000000007, A20000000000000000000008); path = tests; sourceTree = "<group>"; };
		A70000000000000000000005 /* Products */ = {isa = PBXGroup; children = (A20000000000000000000005, A20000000000000000000006); name = Products; sourceTree = "<group>"; };
		A70000000000000000000006 /* bridge */ = {isa = PBXGroup; children = (A20000000000000000000009, A2000000000000000000000A, A2000000000000000000000B); path = bridge; sourceTree = "<group>"; };
/* End PBXGroup section */

/* Begin PBXNativeTarget section */
		A50000000000000000000001 /* Zupulse */ = {
			isa = PBXNativeTarget;
			buildConfigurationList = A80000000000000000000002;
			buildPhases = (A90000000000000000000001, A90000000000000000000002, A60000000000000000000001);
			buildRules = ();
			dependencies = ();
			name = Zupulse;
			productName = Zupulse;
			productReference = A20000000000000000000005;
			productType = "com.apple.product-type.application";
		};
		A50000000000000000000002 /* ZupulseTests */ = {
			isa = PBXNativeTarget;
			buildConfigurationList = A80000000000000000000003;
			buildPhases = (A90000000000000000000003, A90000000000000000000004, A60000000000000000000002);
			buildRules = ();
			dependencies = (A30000000000000000000002);
			name = ZupulseTests;
			productName = ZupulseTests;
			productReference = A20000000000000000000006;
			productType = "com.apple.product-type.bundle.unit-test";
		};
/* End PBXNativeTarget section */

/* Begin PBXProject section */
		A40000000000000000000001 /* Project object */ = {
			isa = PBXProject;
			attributes = {BuildIndependentTargetsInParallel = 1; LastSwiftUpdateCheck = 2630; LastUpgradeCheck = 2630; TargetAttributes = {A50000000000000000000001 = {CreatedOnToolsVersion = 26.3;}; A50000000000000000000002 = {CreatedOnToolsVersion = 26.3; TestTargetID = A50000000000000000000001;};};};
			buildConfigurationList = A80000000000000000000001;
			developmentRegion = en;
			hasScannedForEncodings = 0;
			knownRegions = (en, Base);
			mainGroup = A70000000000000000000001;
			preferredProjectObjectVersion = 77;
			productRefGroup = A70000000000000000000005;
			projectDirPath = "";
			projectRoot = "";
			targets = (A50000000000000000000001, A50000000000000000000002);
		};
/* End PBXProject section */

/* Begin PBXShellScriptBuildPhase section */
		A90000000000000000000002 /* Bundle Web Assets */ = {
			isa = PBXShellScriptBuildPhase;
			alwaysOutOfDate = 1;
			buildActionMask = 2147483647;
			files = ();
			inputPaths = ();
			name = "Bundle Web Assets";
			outputPaths = ();
			runOnlyForDeploymentPostprocessing = 0;
			shellPath = /bin/sh;
			shellScript = "set -eu\nREPOSITORY_ROOT=\"$SRCROOT/../..\"\ncd \"$REPOSITORY_ROOT\"\npnpm ipad:web:build\nnode apps/ipad-shell/scripts/verify-web-assets.mjs\nWEB_DESTINATION=\"$TARGET_BUILD_DIR/$UNLOCALIZED_RESOURCES_FOLDER_PATH/Web\"\nrm -rf \"$WEB_DESTINATION\"\nmkdir -p \"$WEB_DESTINATION\"\nditto apps/ipad-shell/dist/web \"$WEB_DESTINATION\"\n";
		};
/* End PBXShellScriptBuildPhase section */

/* Begin PBXResourcesBuildPhase section */
		A90000000000000000000004 = {isa = PBXResourcesBuildPhase; buildActionMask = 2147483647; files = (A10000000000000000000006); runOnlyForDeploymentPostprocessing = 0; };
/* End PBXResourcesBuildPhase section */

/* Begin PBXSourcesBuildPhase section */
		A90000000000000000000001 = {isa = PBXSourcesBuildPhase; buildActionMask = 2147483647; files = (A10000000000000000000001, A10000000000000000000002, A10000000000000000000003, A10000000000000000000007, A10000000000000000000008, A10000000000000000000009); runOnlyForDeploymentPostprocessing = 0; };
		A90000000000000000000003 = {isa = PBXSourcesBuildPhase; buildActionMask = 2147483647; files = (A10000000000000000000004, A10000000000000000000005); runOnlyForDeploymentPostprocessing = 0; };
/* End PBXSourcesBuildPhase section */

/* Begin PBXTargetDependency section */
		A30000000000000000000002 = {isa = PBXTargetDependency; target = A50000000000000000000001; targetProxy = A30000000000000000000001; };
/* End PBXTargetDependency section */

/* Begin XCBuildConfiguration section */
		AA0000000000000000000001 /* Debug */ = {isa = XCBuildConfiguration; buildSettings = {CLANG_ENABLE_MODULES = YES; ENABLE_TESTABILITY = YES; ENABLE_USER_SCRIPT_SANDBOXING = NO; IPHONEOS_DEPLOYMENT_TARGET = 17.0; SDKROOT = iphoneos; SWIFT_OPTIMIZATION_LEVEL = "-Onone"; SWIFT_VERSION = 5.0;}; name = Debug; };
		AA0000000000000000000002 /* Release */ = {isa = XCBuildConfiguration; buildSettings = {CLANG_ENABLE_MODULES = YES; ENABLE_USER_SCRIPT_SANDBOXING = NO; IPHONEOS_DEPLOYMENT_TARGET = 17.0; SDKROOT = iphoneos; SWIFT_COMPILATION_MODE = wholemodule; SWIFT_OPTIMIZATION_LEVEL = "-O"; SWIFT_VERSION = 5.0;}; name = Release; };
		AA0000000000000000000003 /* Debug */ = {isa = XCBuildConfiguration; buildSettings = {CODE_SIGNING_ALLOWED = NO; CURRENT_PROJECT_VERSION = 1; GENERATE_INFOPLIST_FILE = YES; INFOPLIST_KEY_CFBundleDisplayName = "逐拍"; INFOPLIST_KEY_LSApplicationCategoryType = "public.app-category.music"; INFOPLIST_KEY_UILaunchScreen_Generation = YES; INFOPLIST_KEY_UIRequiresFullScreen = YES; MARKETING_VERSION = 0.1.0; PRODUCT_BUNDLE_IDENTIFIER = com.hikerpig.zupulse; PRODUCT_NAME = "$(TARGET_NAME)"; SUPPORTED_PLATFORMS = "iphoneos iphonesimulator"; SUPPORTS_MACCATALYST = NO; SWIFT_EMIT_LOC_STRINGS = YES; TARGETED_DEVICE_FAMILY = 2;}; name = Debug; };
		AA0000000000000000000004 /* Release */ = {isa = XCBuildConfiguration; buildSettings = {CODE_SIGNING_ALLOWED = NO; CURRENT_PROJECT_VERSION = 1; GENERATE_INFOPLIST_FILE = YES; INFOPLIST_KEY_CFBundleDisplayName = "逐拍"; INFOPLIST_KEY_LSApplicationCategoryType = "public.app-category.music"; INFOPLIST_KEY_UILaunchScreen_Generation = YES; INFOPLIST_KEY_UIRequiresFullScreen = YES; MARKETING_VERSION = 0.1.0; PRODUCT_BUNDLE_IDENTIFIER = com.hikerpig.zupulse; PRODUCT_NAME = "$(TARGET_NAME)"; SUPPORTED_PLATFORMS = "iphoneos iphonesimulator"; SUPPORTS_MACCATALYST = NO; SWIFT_EMIT_LOC_STRINGS = YES; TARGETED_DEVICE_FAMILY = 2;}; name = Release; };
		AA0000000000000000000005 /* Debug */ = {isa = XCBuildConfiguration; buildSettings = {BUNDLE_LOADER = "$(TEST_HOST)"; CODE_SIGNING_ALLOWED = NO; GENERATE_INFOPLIST_FILE = YES; PRODUCT_BUNDLE_IDENTIFIER = com.hikerpig.zupulse.tests; PRODUCT_NAME = "$(TARGET_NAME)"; SWIFT_VERSION = 5.0; TARGETED_DEVICE_FAMILY = 2; TEST_HOST = "$(BUILT_PRODUCTS_DIR)/Zupulse.app/Zupulse";}; name = Debug; };
		AA0000000000000000000006 /* Release */ = {isa = XCBuildConfiguration; buildSettings = {BUNDLE_LOADER = "$(TEST_HOST)"; CODE_SIGNING_ALLOWED = NO; GENERATE_INFOPLIST_FILE = YES; PRODUCT_BUNDLE_IDENTIFIER = com.hikerpig.zupulse.tests; PRODUCT_NAME = "$(TARGET_NAME)"; SWIFT_VERSION = 5.0; TARGETED_DEVICE_FAMILY = 2; TEST_HOST = "$(BUILT_PRODUCTS_DIR)/Zupulse.app/Zupulse";}; name = Release; };
/* End XCBuildConfiguration section */

/* Begin XCConfigurationList section */
		A80000000000000000000001 = {isa = XCConfigurationList; buildConfigurations = (AA0000000000000000000001, AA0000000000000000000002); defaultConfigurationIsVisible = 0; defaultConfigurationName = Release; };
		A80000000000000000000002 = {isa = XCConfigurationList; buildConfigurations = (AA0000000000000000000003, AA0000000000000000000004); defaultConfigurationIsVisible = 0; defaultConfigurationName = Release; };
		A80000000000000000000003 = {isa = XCConfigurationList; buildConfigurations = (AA0000000000000000000005, AA0000000000000000000006); defaultConfigurationIsVisible = 0; defaultConfigurationName = Release; };
/* End XCConfigurationList section */
	};
	rootObject = A40000000000000000000001 /* Project object */;
}
